
Microsoft Visual Studio Solution File, Format Version 12.00
# Visual Studio 14
VisualStudioVersion = 14.0.23107.0
MinimumVisualStudioVersion = 10.0.40219.1
Project("{FAE04EC0-301F-11D3-BF4B-00C04F79EFBC}") = "MTG_html_scraper.Business", "MTG_html_scraper\MTG_html_scraper.Business.csproj", "{A564CAC4-D285-476E-836A-22B0C547A762}"
EndProject
Project("{FAE04EC0-301F-11D3-BF4B-00C04F79EFBC}") = "MTG_html_scraper.Presentation", "MTG_html_scraper.Presentation\MTG_html_scraper.Presentation.csproj", "{6E961937-9D0B-4826-8FFB-D3F8E3CA3CB7}"
EndProject
Project("{FAE04EC0-301F-11D3-BF4B-00C04F79EFBC}") = "MTG_html_scraper.DataClass", "MTG_html_scraper.DataClass\MTG_html_scraper.DataClass.csproj", "{7A8E84AD-9181-4466-9777-8D2CE2C31ADB}"
EndProject
Global
	GlobalSection(SolutionConfigurationPlatforms) = preSolution
		Debug|Any CPU = Debug|Any CPU
		Release|Any CPU = Release|Any CPU
	EndGlobalSection
	GlobalSection(ProjectConfigurationPlatforms) = postSolution
		{A564CAC4-D285-476E-836A-22B0C547A762}.Debug|Any CPU.ActiveCfg = Debug|Any CPU
		{A564CAC4-D285-476E-836A-22B0C547A762}.Debug|Any CPU.Build.0 = Debug|Any CPU
		{A564CAC4-D285-476E-836A-22B0C547A762}.Release|Any CPU.ActiveCfg = Release|Any CPU
		{A564CAC4-D285-476E-836A-22B0C547A762}.Release|Any CPU.Build.0 = Release|Any CPU
		{6E961937-9D0B-4826-8FFB-D3F8E3CA3CB7}.Debug|Any CPU.ActiveCfg = Debug|Any CPU
		{6E961937-9D0B-4826-8FFB-D3F8E3CA3CB7}.Debug|Any CPU.Build.0 = Debug|Any CPU
		{6E961937-9D0B-4826-8FFB-D3F8E3CA3CB7}.Release|Any CPU.ActiveCfg = Release|Any CPU
		{6E961937-9D0B-4826-8FFB-D3F8E3CA3CB7}.Release|Any CPU.Build.0 = Release|Any CPU
		{7A8E84AD-9181-4466-9777-8D2CE2C31ADB}.Debug|Any CPU.ActiveCfg = Debug|Any CPU
		{7A8E84AD-9181-4466-9777-8D2CE2C31ADB}.Debug|Any CPU.Build.0 = Debug|Any CPU
		{7A8E84AD-9181-4466-9777-8D2CE2C31ADB}.Release|Any CPU.ActiveCfg = Release|Any CPU
		{7A8E84AD-9181-4466-9777-8D2CE2C31ADB}.Release|Any CPU.Build.0 = Release|Any CPU
	EndGlobalSection
	GlobalSection(SolutionProperties) = preSolution
		HideSolutionNode = FALSE
	EndGlobalSection
EndGlobal
